PODS:
  - Braintree (4.19.0):
    - Braintree/Card (= 4.19.0)
    - Braintree/Core (= 4.19.0)
    - Braintree/PayPal (= 4.19.0)
    - Braintree/UI (= 4.19.0)
  - Braintree/Card (4.19.0):
    - Braintree/Core
  - Braintree/Core (4.19.0)
  - Braintree/PayPal (4.19.0):
    - Braintree/Core
    - Braintree/PayPalOneTouch
  - Braintree/PayPalDataCollector (4.19.0):
    - Braintree/Core
    - Braintree/PayPalUtils
  - Braintree/PayPalOneTouch (4.19.0):
    - Braintree/Core
    - Braintree/PayPalDataCollector
    - Braintree/PayPalUtils
  - Braintree/PayPalUtils (4.19.0)
  - Braintree/UI (4.19.0):
    - Braintree/Card
    - Braintree/Core

DEPENDENCIES:
  - Braintree

SPEC REPOS:
  https://github.com/cocoapods/specs.git:
    - Braintree

SPEC CHECKSUMS:
  Braintree: 2982ea66c6ef4a22116a9f52210d54e3a9ae74b7

PODFILE CHECKSUM: b4937e6fe7379f8bff875ecbb914607d372be3bb

COCOAPODS: 1.6.0.beta.1
